
Microsoft Visual Studio Solution File, Format Version 12.00
# Visual Studio Version 16
VisualStudioVersion = 16.0.31424.327
MinimumVisualStudioVersion = 10.0.40219.1
Project("{9A19103F-16F7-4668-BE54-9A1E7A4F7556}") = "iTwinProjectSampleApp", "iTwinProjectSampleApp\iTwinProjectSampleApp.csproj", "{8D92F5E2-4391-4B53-9C1F-D832B26E6D7E}"
EndProject
Global
	GlobalSection(SolutionConfigurationPlatforms) = preSolution
		Debug|Any CPU = Debug|Any CPU
		Release|Any CPU = Release|Any CPU
	EndGlobalSection
	GlobalSection(ProjectConfigurationPlatforms) = postSolution
		{8D92F5E2-4391-4B53-9C1F-D832B26E6D7E}.Debug|Any CPU.ActiveCfg = Debug|Any CPU
		{8D92F5E2-4391-4B53-9C1F-D832B26E6D7E}.Debug|Any CPU.Build.0 = Debug|Any CPU
		{8D92F5E2-4391-4B53-9C1F-D832B26E6D7E}.Release|Any CPU.ActiveCfg = Release|Any CPU
		{8D92F5E2-4391-4B53-9C1F-D832B26E6D7E}.Release|Any CPU.Build.0 = Release|Any CPU
	EndGlobalSection
	GlobalSection(SolutionProperties) = preSolution
		HideSolutionNode = FALSE
	EndGlobalSection
	GlobalSection(ExtensibilityGlobals) = postSolution
		SolutionGuid = {B1A0C7EB-9C9A-4C2B-9D7A-6DB2EAA21BC4}
	EndGlobalSection
EndGlobal
